# THIS IS AN AUTOGENERATED FILE. DO NOT EDIT THIS FILE DIRECTLY.
# yarn lockfile v1


"@types/core-js@^2.5.4":
  version "2.5.5"
  resolved "https://registry.npmmirror.com/@types/core-js/-/core-js-2.5.5.tgz#dc5a013ee0b23bd5ac126403854fadabb4f24f75"
  integrity sha512-C4vwOHrhsvxn7UFyk4NDQNUpgNKdWsT/bL39UWyD75KSEOObZSKa9mYDOCM5FGeJG2qtbG0XiEbUKND2+j0WOg==

"@types/lodash@^4.14.168":
  version "4.14.178"
  resolved "https://registry.npmmirror.com/@types/lodash/-/lodash-4.14.178.tgz#341f6d2247db528d4a13ddbb374bcdc80406f4f8"
  integrity sha512-0d5Wd09ItQWH1qFbEyQ7oTQ3GZrMfth5JkbN3EvTKLXcHLRDSXeLnlvlOn0wvxVIwK5o2M8JzP/OWz7T3NRsbw==

"@types/node-emoji@^1.8.1":
  version "1.8.1"
  resolved "https://registry.npmmirror.com/@types/node-emoji/-/node-emoji-1.8.1.tgz#689cb74fdf6e84309bcafce93a135dfecd01de3f"
  integrity sha512-0fRfA90FWm6KJfw6P9QGyo0HDTCmthZ7cWaBQndITlaWLTZ6njRyKwrwpzpg+n6kBXBIGKeUHEQuBx7bphGJkA==

"@types/node@^14.14.16":
  version "14.18.11"
  resolved "https://registry.npmmirror.com/@types/node/-/node-14.18.11.tgz#9bd810a959e1728d78df0f68b5c825b8ea7156f4"
  integrity sha512-zCoCEMA+IPpsRkyCFBqew5vGb7r8RSiB3uwdu/map7uwLAfu1MTazW26/pUDWoNnF88vJz4W3U56i5gtXNqxGg==

"@types/qs@^6.9.6":
  version "6.9.7"
  resolved "https://registry.npmmirror.com/@types/qs/-/qs-6.9.7.tgz#63bb7d067db107cc1e457c303bc25d511febf6cb"
  integrity sha512-FGa1F62FT09qcrueBA6qYTrJPVDzah9a+493+o2PCXsesWHIn27G98TsSMs3WPNbZIEj4+VJf6saSFpvD+3Zsw==

"@types/ramda@^0.27.39":
  version "0.27.64"
  resolved "https://registry.npmmirror.com/@types/ramda/-/ramda-0.27.64.tgz#7e23f2bf7b9729bcbd59223f100460ead6829008"
  integrity sha512-EDf++ss/JoMiDpvT1MuA8oi88OwpvmqVE+o8Ojm5v/5bdJEPZ6eIQd/XYAeQ0imlwG6Tf0Npfq4Z9w3hAKBk9Q==
  dependencies:
    ts-toolbelt "^6.15.1"

arg@^4.1.0:
  version "4.1.3"
  resolved "https://registry.npmmirror.com/arg/-/arg-4.1.3.tgz#269fc7ad5b8e42cb63c896d5666017261c144089"
  integrity sha512-58S9QDqG0Xx27YwPSt9fJxivjYl432YCwfDMfZ+71RAqUrZef7LrKQZ3LHLOwCS4FLNBplP533Zx895SeOCHvA==

buffer-from@^1.0.0:
  version "1.1.2"
  resolved "https://registry.npmmirror.com/buffer-from/-/buffer-from-1.1.2.tgz#2b146a6fd72e80b4f55d255f35ed59a3a9a41bd5"
  integrity sha512-E+XQCRwSbaaiChtv6k6Dwgc+bx+Bs6vuKJHHl5kox/BaKbhiXzqQOwK4cO22yElGp2OCmjwVhT3HmxgyPGnJfQ==

call-bind@^1.0.0:
  version "1.0.2"
  resolved "https://registry.npmmirror.com/call-bind/-/call-bind-1.0.2.tgz#b1d4e89e688119c3c9a903ad30abb2f6a919be3c"
  integrity sha512-7O+FbCihrB5WGbFYesctwmTKae6rOiIzmz1icreWJ+0aA7LJfuqhEso2T9ncpcFtzMQtzXf2QGGueWJGTYsqrA==
  dependencies:
    function-bind "^1.1.1"
    get-intrinsic "^1.0.2"

core-js-pure@^3.10.0:
  version "3.21.0"
  resolved "https://registry.npmmirror.com/core-js-pure/-/core-js-pure-3.21.0.tgz#819adc8dfb808205ce25b51d50591becd615db7e"
  integrity sha512-VaJUunCZLnxuDbo1rNOzwbet9E1K9joiXS5+DQMPtgxd24wfsZbJZMMfQLGYMlCUvSxLfsRUUhoOR2x28mFfeg==

core-js@^3.10.0:
  version "3.21.0"
  resolved "https://registry.npmmirror.com/core-js/-/core-js-3.21.0.tgz#f479dbfc3dffb035a0827602dd056839a774aa71"
  integrity sha512-YUdI3fFu4TF/2WykQ2xzSiTQdldLB4KVuL9WeAy5XONZYt5Cun/fpQvctoKbCgvPhmzADeesTk/j2Rdx77AcKQ==

create-require@^1.1.0:
  version "1.1.1"
  resolved "https://registry.npmmirror.com/create-require/-/create-require-1.1.1.tgz#c1d7e8f1e5f6cfc9ff65f9cd352d37348756c333"
  integrity sha512-dcKFX3jn0MpIaXjisoRvexIJVEKzaq7z2rZKxf+MSr9TkdmHmsU4m2lcLojrj/FHl8mk5VxMmYA+ftRkP/3oKQ==

decode-uri-component@^0.2.0:
  version "0.2.0"
  resolved "https://registry.npmmirror.com/decode-uri-component/-/decode-uri-component-0.2.0.tgz#eb3913333458775cb84cd1a1fae062106bb87545"
  integrity sha512-hjf+xovcEn31w/EUYdTXQh/8smFL/dzYjohQGEIgjyNavaJfBY2p5F527Bo1VPATxv0VYTUC2bOcXvqFwk78Og==

diff@^4.0.1:
  version "4.0.2"
  resolved "https://registry.npmmirror.com/diff/-/diff-4.0.2.tgz#60f3aecb89d5fae520c11aa19efc2bb982aade7d"
  integrity sha512-58lmxKSA4BNyLz+HHMUzlOEpg09FV+ev6ZMe3vJihgdxzgcwZ8VoEEPmALCZG9LmqfVoNMMKpttIYTVG6uDY7A==

filter-obj@^1.1.0:
  version "1.1.0"
  resolved "https://registry.npmmirror.com/filter-obj/-/filter-obj-1.1.0.tgz#9b311112bc6c6127a16e016c6c5d7f19e0805c5b"
  integrity sha512-8rXg1ZnX7xzy2NGDVkBVaAy+lSlPNwad13BtgSlLuxfIslyt5Vg64U7tFcCt4WS1R0hvtnQybT/IyCkGZ3DpXQ==

function-bind@^1.1.1:
  version "1.1.1"
  resolved "https://registry.npmmirror.com/function-bind/-/function-bind-1.1.1.tgz#a56899d3ea3c9bab874bb9773b7c5ede92f4895d"
  integrity sha512-yIovAzMX49sF8Yl58fSCWJ5svSLuaibPxXQJFLmBObTuCr0Mf1KiPopGM9NiFjiYBCbfaa2Fh6breQ6ANVTI0A==

get-intrinsic@^1.0.2:
  version "1.1.1"
  resolved "https://registry.npmmirror.com/get-intrinsic/-/get-intrinsic-1.1.1.tgz#15f59f376f855c446963948f0d24cd3637b4abc6"
  integrity sha512-kWZrnVM42QCiEA2Ig1bG8zjoIMOgxWwYCEeNdwY6Tv/cOSeGpcoX4pXHfKUxNKVoArnrEr2e9srnAxxGIraS9Q==
  dependencies:
    function-bind "^1.1.1"
    has "^1.0.3"
    has-symbols "^1.0.1"

has-symbols@^1.0.1:
  version "1.0.2"
  resolved "https://registry.npmmirror.com/has-symbols/-/has-symbols-1.0.2.tgz#165d3070c00309752a1236a479331e3ac56f1423"
  integrity sha512-chXa79rL/UC2KlX17jo3vRGz0azaWEx5tGqZg5pO3NUyEJVB17dMruQlzCCOfUvElghKcm5194+BCRvi2Rv/Gw==

has@^1.0.3:
  version "1.0.3"
  resolved "https://registry.npmmirror.com/has/-/has-1.0.3.tgz#722d7cbfc1f6aa8241f16dd814e011e1f41e8796"
  integrity sha512-f2dvO0VU6Oej7RkWJGrehjbzMAjFp5/VKPp5tTpWIV4JHHZK1/BxbFRtf/siA2SWTe09caDmVtYYzWEIbBS4zw==
  dependencies:
    function-bind "^1.1.1"

lodash@^4.17.21:
  version "4.17.21"
  resolved "https://registry.npmmirror.com/lodash/-/lodash-4.17.21.tgz#679591c564c3bffaae8454cf0b3df370c3d6911c"
  integrity sha512-v2kDEe57lecTulaDIuNTPy3Ry4gLGJ6Z1O3vE1krgXZNrsQ+LFTGHVxVjcXPs17LhbZVGedAJv8XZ1tvj5FvSg==

make-error@^1.1.1:
  version "1.3.6"
  resolved "https://registry.npmmirror.com/make-error/-/make-error-1.3.6.tgz#2eb2e37ea9b67c4891f684a1394799af484cf7a2"
  integrity sha512-s8UhlNe7vPKomQhC1qFelMokr/Sc3AgNbso3n74mVPA5LTZwkB9NlXf4XPamLxJE8h0gh73rM94xvwRT2CVInw==

node-emoji@^1.10.0:
  version "1.11.0"
  resolved "https://registry.npmmirror.com/node-emoji/-/node-emoji-1.11.0.tgz#69a0150e6946e2f115e9d7ea4df7971e2628301c"
  integrity sha512-wo2DpQkQp7Sjm2A0cq+sN7EHKO6Sl0ctXeBdFZrL9T9+UywORbufTcTZxom8YqpLQt/FqNMUkOpkZrJVYSKD3A==
  dependencies:
    lodash "^4.17.21"

object-inspect@^1.9.0:
  version "1.12.0"
  resolved "https://registry.npmmirror.com/object-inspect/-/object-inspect-1.12.0.tgz#6e2c120e868fd1fd18cb4f18c31741d0d6e776f0"
  integrity sha512-Ho2z80bVIvJloH+YzRmpZVQe87+qASmBUKZDWgx9cu+KDrX2ZDH/3tMy+gXbZETVGs2M8YdxObOh7XAtim9Y0g==

qs@^6.10.0:
  version "6.10.3"
  resolved "https://registry.npmmirror.com/qs/-/qs-6.10.3.tgz#d6cde1b2ffca87b5aa57889816c5f81535e22e8e"
  integrity sha512-wr7M2E0OFRfIfJZjKGieI8lBKb7fRCH4Fv5KNPEs7gJ8jadvotdsS08PzOKR7opXhZ/Xkjtt3WF9g38drmyRqQ==
  dependencies:
    side-channel "^1.0.4"

query-string@^7.0.0:
  version "7.1.1"
  resolved "https://registry.npmmirror.com/query-string/-/query-string-7.1.1.tgz#754620669db978625a90f635f12617c271a088e1"
  integrity sha512-MplouLRDHBZSG9z7fpuAAcI7aAYjDLhtsiVZsevsfaHWDS2IDdORKbSd1kWUA+V4zyva/HZoSfpwnYMMQDhb0w==
  dependencies:
    decode-uri-component "^0.2.0"
    filter-obj "^1.1.0"
    split-on-first "^1.0.0"
    strict-uri-encode "^2.0.0"

ramda@^0.27.1:
  version "0.27.2"
  resolved "https://registry.npmmirror.com/ramda/-/ramda-0.27.2.tgz#84463226f7f36dc33592f6f4ed6374c48306c3f1"
  integrity sha512-SbiLPU40JuJniHexQSAgad32hfwd+DRUdwF2PlVuI5RZD0/vahUco7R8vD86J/tcEKKF9vZrUVwgtmGCqlCKyA==

side-channel@^1.0.4:
  version "1.0.4"
  resolved "https://registry.npmmirror.com/side-channel/-/side-channel-1.0.4.tgz#efce5c8fdc104ee751b25c58d4290011fa5ea2cf"
  integrity sha512-q5XPytqFEIKHkGdiMIrY10mvLRvnQh42/+GoBlFW3b2LXLE2xxJpZFdm94we0BaoV3RwJyGqg5wS7epxTv0Zvw==
  dependencies:
    call-bind "^1.0.0"
    get-intrinsic "^1.0.2"
    object-inspect "^1.9.0"

source-map-support@^0.5.17:
  version "0.5.21"
  resolved "https://registry.npmmirror.com/source-map-support/-/source-map-support-0.5.21.tgz#04fe7c7f9e1ed2d662233c28cb2b35b9f63f6e4f"
  integrity sha512-uBHU3L3czsIyYXKX88fdrGovxdSCoTGDRZ6SYXtSRxLZUzHg5P/66Ht6uoUlHu9EZod+inXhKo3qQgwXUT/y1w==
  dependencies:
    buffer-from "^1.0.0"
    source-map "^0.6.0"

source-map@^0.6.0:
  version "0.6.1"
  resolved "https://registry.npmmirror.com/source-map/-/source-map-0.6.1.tgz#74722af32e9614e9c287a8d0bbde48b5e2f1a263"
  integrity sha512-UjgapumWlbMhkBgzT7Ykc5YXUT46F0iKu8SGXq0bcwP5dz/h0Plj6enJqjz1Zbq2l5WaqYnrVbwWOWMyF3F47g==

split-on-first@^1.0.0:
  version "1.1.0"
  resolved "https://registry.npmmirror.com/split-on-first/-/split-on-first-1.1.0.tgz#f610afeee3b12bce1d0c30425e76398b78249a5f"
  integrity sha512-43ZssAJaMusuKWL8sKUBQXHWOpq8d6CfN/u1p4gUzfJkM05C8rxTmYrkIPTXapZpORA6LkkzcUulJ8FqA7Uudw==

strict-uri-encode@^2.0.0:
  version "2.0.0"
  resolved "https://registry.npmmirror.com/strict-uri-encode/-/strict-uri-encode-2.0.0.tgz#b9c7330c7042862f6b142dc274bbcc5866ce3546"
  integrity sha512-QwiXZgpRcKkhTj2Scnn++4PKtWsH0kpzZ62L2R6c/LUVYv7hVnZqcg2+sMuT6R7Jusu1vviK/MFsu6kNJfWlEQ==

ts-node@^9.1.1:
  version "9.1.1"
  resolved "https://registry.npmmirror.com/ts-node/-/ts-node-9.1.1.tgz#51a9a450a3e959401bda5f004a72d54b936d376d"
  integrity sha512-hPlt7ZACERQGf03M253ytLY3dHbGNGrAq9qIHWUY9XHYl1z7wYngSr3OQ5xmui8o2AaxsONxIzjafLUiWBo1Fg==
  dependencies:
    arg "^4.1.0"
    create-require "^1.1.0"
    diff "^4.0.1"
    make-error "^1.1.1"
    source-map-support "^0.5.17"
    yn "3.1.1"

ts-toolbelt@^6.15.1:
  version "6.15.5"
  resolved "https://registry.npmmirror.com/ts-toolbelt/-/ts-toolbelt-6.15.5.tgz#cb3b43ed725cb63644782c64fbcad7d8f28c0a83"
  integrity sha512-FZIXf1ksVyLcfr7M317jbB67XFJhOO1YqdTcuGaq9q5jLUoTikukZ+98TPjKiP2jC5CgmYdWWYs0s2nLSU0/1A==

typescript@^4.2.3:
  version "4.5.5"
  resolved "https://registry.npmmirror.com/typescript/-/typescript-4.5.5.tgz#d8c953832d28924a9e3d37c73d729c846c5896f3"
  integrity sha512-TCTIul70LyWe6IJWT8QSYeA54WQe8EjQFU4wY52Fasj5UKx88LNYKCgBEHcOMOrFF1rKGbD8v/xcNWVUq9SymA==

yn@3.1.1:
  version "3.1.1"
  resolved "https://registry.npmmirror.com/yn/-/yn-3.1.1.tgz#1e87401a09d767c1d5eab26a6e4c185182d2eb50"
  integrity sha512-Ux4ygGWsu2c7isFWe8Yu1YluJmqVhxqK2cLXNQA5AcC3QfbGNpM7fu0Y8b/z16pXLnFxZYvWhd3fhBY9DLmC6Q==
