# THIS IS AN AUTOGENERATED FILE. DO NOT EDIT THIS FILE DIRECTLY.
# yarn lockfile v1


"@types/core-js@^2.5.4":
  version "2.5.4"
  resolved "https://npm.corp.kuaishou.com/@types%2fcore-js/-/core-js-2.5.4.tgz#fc42ebde7d9cfa7c5f2668f117449b02348e41fd"
  integrity sha1-/ELr3n2c+nxfJmjxF0SbAjSOQf0=

"@types/lodash@^4.14.168":
  version "4.14.170"
  resolved "https://npm.corp.kuaishou.com/@types%2flodash/-/lodash-4.14.170.tgz#0d67711d4bf7f4ca5147e9091b847479b87925d6"
  integrity sha1-DWdxHUv39MpRR+kJG4R0ebh5JdY=

"@types/node-emoji@^1.8.1":
  version "1.8.1"
  resolved "https://npm.corp.kuaishou.com/@types%2fnode-emoji/-/node-emoji-1.8.1.tgz#689cb74fdf6e84309bcafce93a135dfecd01de3f"
  integrity sha1-aJy3T99uhDCbyvzpOhNd/s0B3j8=

"@types/node@^14.14.16":
  version "14.17.3"
  resolved "https://npm.corp.kuaishou.com/@types%2fnode/-/node-14.17.3.tgz#6d327abaa4be34a74e421ed6409a0ae2f47f4c3d"
  integrity sha1-bTJ6uqS+NKdOQh7WQJoK4vR/TD0=

"@types/qs@^6.9.6":
  version "6.9.6"
  resolved "https://npm.corp.kuaishou.com/@types%2fqs/-/qs-6.9.6.tgz#df9c3c8b31a247ec315e6996566be3171df4b3b1"
  integrity sha1-35w8izGiR+wxXmmWVmvjFx30s7E=

"@types/ramda@^0.27.39":
  version "0.27.40"
  resolved "https://npm.corp.kuaishou.com/@types%2framda/-/ramda-0.27.40.tgz#99f307356fe553095ee4d3c2af2b0eb3af7a8413"
  integrity sha1-mfMHNW/lUwle5NPCrysOs696hBM=
  dependencies:
    ts-toolbelt "^6.15.1"

arg@^4.1.0:
  version "4.1.3"
  resolved "https://npm.corp.kuaishou.com/arg/-/arg-4.1.3.tgz#269fc7ad5b8e42cb63c896d5666017261c144089"
  integrity sha1-Jp/HrVuOQstjyJbVZmAXJhwUQIk=

buffer-from@^1.0.0:
  version "1.1.1"
  resolved "https://npm.corp.kuaishou.com/buffer-from/-/buffer-from-1.1.1.tgz#32713bc028f75c02fdb710d7c7bcec1f2c6070ef"
  integrity sha1-MnE7wCj3XAL9txDXx7zsHyxgcO8=

call-bind@^1.0.0:
  version "1.0.2"
  resolved "https://npm.corp.kuaishou.com/call-bind/-/call-bind-1.0.2.tgz#b1d4e89e688119c3c9a903ad30abb2f6a919be3c"
  integrity sha1-sdTonmiBGcPJqQOtMKuy9qkZvjw=
  dependencies:
    function-bind "^1.1.1"
    get-intrinsic "^1.0.2"

core-js-pure@^3.10.0:
  version "3.15.1"
  resolved "https://npm.corp.kuaishou.com/core-js-pure/-/core-js-pure-3.15.1.tgz#8356f6576fa2aa8e54ca6fe02620968ff010eed7"
  integrity sha1-g1b2V2+iqo5Uym/gJiCWj/AQ7tc=

core-js@^3.10.0:
  version "3.15.1"
  resolved "https://npm.corp.kuaishou.com/core-js/-/core-js-3.15.1.tgz#6c08ab88abdf56545045ccf5fd81f47f407e7f1a"
  integrity sha1-bAiriKvfVlRQRcz1/YH0f0B+fxo=

create-require@^1.1.0:
  version "1.1.1"
  resolved "https://npm.corp.kuaishou.com/create-require/-/create-require-1.1.1.tgz#c1d7e8f1e5f6cfc9ff65f9cd352d37348756c333"
  integrity sha1-wdfo8eX2z8n/ZfnNNS03NIdWwzM=

decode-uri-component@^0.2.0:
  version "0.2.0"
  resolved "https://npm.corp.kuaishou.com/decode-uri-component/-/decode-uri-component-0.2.0.tgz#eb3913333458775cb84cd1a1fae062106bb87545"
  integrity sha1-6zkTMzRYd1y4TNGh+uBiEGu4dUU=

diff@^4.0.1:
  version "4.0.2"
  resolved "https://npm.corp.kuaishou.com/diff/-/diff-4.0.2.tgz#60f3aecb89d5fae520c11aa19efc2bb982aade7d"
  integrity sha1-YPOuy4nV+uUgwRqhnvwruYKq3n0=

filter-obj@^1.1.0:
  version "1.1.0"
  resolved "https://npm.corp.kuaishou.com/filter-obj/-/filter-obj-1.1.0.tgz#9b311112bc6c6127a16e016c6c5d7f19e0805c5b"
  integrity sha1-mzERErxsYSehbgFsbF1/GeCAXFs=

function-bind@^1.1.1:
  version "1.1.1"
  resolved "https://npm.corp.kuaishou.com/function-bind/-/function-bind-1.1.1.tgz#a56899d3ea3c9bab874bb9773b7c5ede92f4895d"
  integrity sha1-pWiZ0+o8m6uHS7l3O3xe3pL0iV0=

get-intrinsic@^1.0.2:
  version "1.1.1"
  resolved "https://npm.corp.kuaishou.com/get-intrinsic/-/get-intrinsic-1.1.1.tgz#15f59f376f855c446963948f0d24cd3637b4abc6"
  integrity sha1-FfWfN2+FXERpY5SPDSTNNje0q8Y=
  dependencies:
    function-bind "^1.1.1"
    has "^1.0.3"
    has-symbols "^1.0.1"

has-symbols@^1.0.1:
  version "1.0.2"
  resolved "https://npm.corp.kuaishou.com/has-symbols/-/has-symbols-1.0.2.tgz#165d3070c00309752a1236a479331e3ac56f1423"
  integrity sha1-Fl0wcMADCXUqEjakeTMeOsVvFCM=

has@^1.0.3:
  version "1.0.3"
  resolved "https://npm.corp.kuaishou.com/has/-/has-1.0.3.tgz#722d7cbfc1f6aa8241f16dd814e011e1f41e8796"
  integrity sha1-ci18v8H2qoJB8W3YFOAR4fQeh5Y=
  dependencies:
    function-bind "^1.1.1"

lodash.toarray@^4.4.0:
  version "4.4.0"
  resolved "https://npm.corp.kuaishou.com/lodash.toarray/-/lodash.toarray-4.4.0.tgz#24c4bfcd6b2fba38bfd0594db1179d8e9b656561"
  integrity sha1-JMS/zWsvuji/0FlNsRedjptlZWE=

lodash@^4.17.21:
  version "4.17.21"
  resolved "https://npm.corp.kuaishou.com/lodash/-/lodash-4.17.21.tgz#679591c564c3bffaae8454cf0b3df370c3d6911c"
  integrity sha1-Z5WRxWTDv/quhFTPCz3zcMPWkRw=

make-error@^1.1.1:
  version "1.3.6"
  resolved "https://npm.corp.kuaishou.com/make-error/-/make-error-1.3.6.tgz#2eb2e37ea9b67c4891f684a1394799af484cf7a2"
  integrity sha1-LrLjfqm2fEiR9oShOUeZr0hM96I=

node-emoji@^1.10.0:
  version "1.10.0"
  resolved "https://npm.corp.kuaishou.com/node-emoji/-/node-emoji-1.10.0.tgz#8886abd25d9c7bb61802a658523d1f8d2a89b2da"
  integrity sha1-iIar0l2ce7YYAqZYUj0fjSqJsto=
  dependencies:
    lodash.toarray "^4.4.0"

object-inspect@^1.9.0:
  version "1.10.3"
  resolved "https://npm.corp.kuaishou.com/object-inspect/-/object-inspect-1.10.3.tgz#c2aa7d2d09f50c99375704f7a0adf24c5782d369"
  integrity sha1-wqp9LQn1DJk3VwT3oK3yTFeC02k=

qs@^6.10.0:
  version "6.10.1"
  resolved "https://npm.corp.kuaishou.com/qs/-/qs-6.10.1.tgz#4931482fa8d647a5aab799c5271d2133b981fb6a"
  integrity sha1-STFIL6jWR6Wqt5nFJx0hM7mB+2o=
  dependencies:
    side-channel "^1.0.4"

query-string@^7.0.0:
  version "7.0.1"
  resolved "https://npm.corp.kuaishou.com/query-string/-/query-string-7.0.1.tgz#45bd149cf586aaa582dffc7ec7a8ad97dd02f75d"
  integrity sha1-Rb0UnPWGqqWC3/x+x6itl90C910=
  dependencies:
    decode-uri-component "^0.2.0"
    filter-obj "^1.1.0"
    split-on-first "^1.0.0"
    strict-uri-encode "^2.0.0"

ramda@^0.27.1:
  version "0.27.1"
  resolved "https://npm.corp.kuaishou.com/ramda/-/ramda-0.27.1.tgz#66fc2df3ef873874ffc2da6aa8984658abacf5c9"
  integrity sha1-Zvwt8++HOHT/wtpqqJhGWKus9ck=

side-channel@^1.0.4:
  version "1.0.4"
  resolved "https://npm.corp.kuaishou.com/side-channel/-/side-channel-1.0.4.tgz#efce5c8fdc104ee751b25c58d4290011fa5ea2cf"
  integrity sha1-785cj9wQTudRslxY1CkAEfpeos8=
  dependencies:
    call-bind "^1.0.0"
    get-intrinsic "^1.0.2"
    object-inspect "^1.9.0"

source-map-support@^0.5.17:
  version "0.5.19"
  resolved "https://npm.corp.kuaishou.com/source-map-support/-/source-map-support-0.5.19.tgz#a98b62f86dcaf4f67399648c085291ab9e8fed61"
  integrity sha1-qYti+G3K9PZzmWSMCFKRq56P7WE=
  dependencies:
    buffer-from "^1.0.0"
    source-map "^0.6.0"

source-map@^0.6.0:
  version "0.6.1"
  resolved "https://npm.corp.kuaishou.com/source-map/-/source-map-0.6.1.tgz#74722af32e9614e9c287a8d0bbde48b5e2f1a263"
  integrity sha1-dHIq8y6WFOnCh6jQu95IteLxomM=

split-on-first@^1.0.0:
  version "1.1.0"
  resolved "https://npm.corp.kuaishou.com/split-on-first/-/split-on-first-1.1.0.tgz#f610afeee3b12bce1d0c30425e76398b78249a5f"
  integrity sha1-9hCv7uOxK84dDDBCXnY5i3gkml8=

strict-uri-encode@^2.0.0:
  version "2.0.0"
  resolved "https://npm.corp.kuaishou.com/strict-uri-encode/-/strict-uri-encode-2.0.0.tgz#b9c7330c7042862f6b142dc274bbcc5866ce3546"
  integrity sha1-ucczDHBChi9rFC3CdLvMWGbONUY=

ts-node@^9.1.1:
  version "9.1.1"
  resolved "https://npm.corp.kuaishou.com/ts-node/-/ts-node-9.1.1.tgz#51a9a450a3e959401bda5f004a72d54b936d376d"
  integrity sha1-UamkUKPpWUAb2l8ASnLVS5NtN20=
  dependencies:
    arg "^4.1.0"
    create-require "^1.1.0"
    diff "^4.0.1"
    make-error "^1.1.1"
    source-map-support "^0.5.17"
    yn "3.1.1"

ts-toolbelt@^6.15.1:
  version "6.15.5"
  resolved "https://npm.corp.kuaishou.com/ts-toolbelt/-/ts-toolbelt-6.15.5.tgz#cb3b43ed725cb63644782c64fbcad7d8f28c0a83"
  integrity sha1-yztD7XJctjZEeCxk+8rX2PKMCoM=

typescript@^4.2.3:
  version "4.3.4"
  resolved "https://npm.corp.kuaishou.com/typescript/-/typescript-4.3.4.tgz#3f85b986945bcf31071decdd96cf8bfa65f9dcbc"
  integrity sha1-P4W5hpRbzzEHHezdls+L+mX53Lw=

yn@3.1.1:
  version "3.1.1"
  resolved "https://npm.corp.kuaishou.com/yn/-/yn-3.1.1.tgz#1e87401a09d767c1d5eab26a6e4c185182d2eb50"
  integrity sha1-HodAGgnXZ8HV6rJqbkwYUYLS61A=
